"color-convert": "^1.9.0"
}
},
"append-field": {
"version": "1.0.0",
"resolved": "https://registry.npmjs.org/append-field/-/append-field-1.0.0.tgz",
"integrity": "sha1-HjRA6RXwsSA9I3SOeO3XubW0PlY="
},
"array-flatten": {
"version": "1.1.1",
"resolved": "https://registry.npmjs.org/array-flatten/-/array-flatten-1.1.1.tgz",
@@ -112,6 +117,43 @@
"resolved": "https://registry.npmjs.org/bson/-/bson-1.1.5.tgz",
"integrity": "sha512-kDuEzldR21lHciPQAIulLs1LZlCXdLziXI6Mb/TDkwXhb//UORJNPXgcRs2CuO4H0DcMkpfT3/ySsP3unoZjBg=="
},
"buffer-from": {
"version": "1.1.1",
"resolved": "https://registry.npmjs.org/buffer-from/-/buffer-from-1.1.1.tgz",
"integrity": "sha512-MQcXEUbCKtEo7bhqEs6560Hyd4XaovZlO/k9V3hjVUF/zwW7KBVdSK4gIt/bzwS9MbR5qob+F5jusZsb0YQK2A=="
},
"busboy": {
"version": "0.2.14",
"resolved": "https://registry.npmjs.org/busboy/-/busboy-0.2.14.tgz",
"integrity": "sha1-bCpiLvz0fFe7vh4qnDetNseSVFM=",
"requires": {
  "dicer": "0.2.5",
  "readable-stream": "1.1.x"
},
"dependencies": {
  "isarray": {
    "version": "0.0.1",
    "resolved": "https://registry.npmjs.org/isarray/-/isarray-0.0.1.tgz",
    "integrity": "sha1-ihis/Kmo9Bd+Cav8YDiTmwXR7t8="
  },
  "readable-stream": {
    "version": "1.1.14",
    "resolved": "https://registry.npmjs.org/readable-stream/-/readable-stream-1.1.14.tgz",
    "integrity": "sha1-fPTFTvZI44EwhMY23SB54WbAgdk=",
    "requires": {
      "core-util-is": "~1.0.0",
      "inherits": "~2.0.1",
      "isarray": "0.0.1",
      "string_decoder": "~0.10.x"
    }
  },
  "string_decoder": {
    "version": "0.10.31",
    "resolved": "https://registry.npmjs.org/string_decoder/-/string_decoder-0.10.31.tgz",
    "integrity": "sha1-YuIDvEF2bGwoyfyEMB2rHFMQ+pQ="
  }
}
},
"bytes": {
"version": "3.1.0",
"resolved": "https://registry.npmjs.org/bytes/-/bytes-3.1.0.tgz",
@@ -127,6 +169,22 @@
  "supports-color": "^5.3.0"
}
},
"cloudinary": {
"version": "1.23.0",
"resolved": "https://registry.npmjs.org/cloudinary/-/cloudinary-1.23.0.tgz",
"integrity": "sha512-akOxzroonvwWkuSVq7BI50nYpZPRXc5DbQIYETCVeKX9ZoToH2Gvc3MdUH63UtKiszuGYE51q2B+jQsJkBp2AQ==",
"requires": {
  "cloudinary-core": "^2.10.2",
  "core-js": "3.6.5",
  "lodash": "^4.17.11",
  "q": "^1.5.1"
}
},
"cloudinary-core": {
"version": "2.11.2",
"resolved": "https://registry.npmjs.org/cloudinary-core/-/cloudinary-core-2.11.2.tgz",
"integrity": "sha512-Dl545+AzPRGjx58cXB9gznXtA1dol0pmDqTxHos1hRcdbUcpUcuVzPkBnJjNO3F4K6BfZ5kSda9kzD+Qu7Yhgg=="
},
"color-convert": {
"version": "1.9.3",
"resolved": "https://registry.npmjs.org/color-convert/-/color-convert-1.9.3.tgz",
@@ -145,6 +203,17 @@
"resolved": "https://registry.npmjs.org/concat-map/-/concat-map-0.0.1.tgz",
"integrity": "sha1-2Klr13/Wjfd5OnMDajug1UBdR3s="
},
"concat-stream": {
"version": "1.6.2",
"resolved": "https://registry.npmjs.org/concat-stream/-/concat-stream-1.6.2.tgz",
"integrity": "sha512-27HBghJxjiZtIk3Ycvn/4kbJk/1uZuJFfuPEns6LaEvpvG1f0hTea8lilrouyo9mVc2GWdcEZ8OLoGmSADlrCw==",
"requires": {
  "buffer-from": "^1.0.0",
  "inherits": "^2.0.3",
  "readable-stream": "^2.2.2",
  "typedarray": "^0.0.6"
}
},
"connect-flash": {
"version": "0.1.1",
"resolved": "https://registry.npmjs.org/connect-flash/-/connect-flash-0.1.1.tgz",
@@ -173,6 +242,11 @@
"resolved": "https://registry.npmjs.org/cookie-signature/-/cookie-signature-1.0.6.tgz",
"integrity": "sha1-4wOogrNCzD7oylE6eZmXNNqzriw="
},
"core-js": {
"version": "3.6.5",
"resolved": "https://registry.npmjs.org/core-js/-/core-js-3.6.5.tgz",
"integrity": "sha512-vZVEEwZoIsI+vPEuoF9Iqf5H7/M3eeQqWlQnYa8FSKKePuYTf5MWnxb5SDAzCa60b3JBRS5g9b+Dq7b1y/RCrA=="
},
"core-util-is": {
"version": "1.0.2",
"resolved": "https://registry.npmjs.org/core-util-is/-/core-util-is-1.0.2.tgz",
@@ -201,6 +275,43 @@
"resolved": "https://registry.npmjs.org/destroy/-/destroy-1.0.4.tgz",
"integrity": "sha1-l4hXRCxEdJ5CBmE+N5RiBYJqvYA="
},
"dicer": {
"version": "0.2.5",
"resolved": "https://registry.npmjs.org/dicer/-/dicer-0.2.5.tgz",
"integrity": "sha1-WZbAhrszIYyBLAkL3cCc0S+stw8=",
"requires": {
  "readable-stream": "1.1.x",
  "streamsearch": "0.1.2"
},
"dependencies": {
  "isarray": {
    "version": "0.0.1",
    "resolved": "https://registry.npmjs.org/isarray/-/isarray-0.0.1.tgz",
    "integrity": "sha1-ihis/Kmo9Bd+Cav8YDiTmwXR7t8="
  },
  "readable-stream": {
    "version": "1.1.14",
    "resolved": "https://registry.npmjs.org/readable-stream/-/readable-stream-1.1.14.tgz",
    "integrity": "sha1-fPTFTvZI44EwhMY23SB54WbAgdk=",
    "requires": {
      "core-util-is": "~1.0.0",
      "inherits": "~2.0.1",
      "isarray": "0.0.1",
      "string_decoder": "~0.10.x"
    }
  },
  "string_decoder": {
    "version": "0.10.31",
    "resolved": "https://registry.npmjs.org/string_decoder/-/string_decoder-0.10.31.tgz",
    "integrity": "sha1-YuIDvEF2bGwoyfyEMB2rHFMQ+pQ="
  }
}
},
"dotenv": {
"version": "8.2.0",
"resolved": "https://registry.npmjs.org/dotenv/-/dotenv-8.2.0.tgz",
"integrity": "sha512-8sJ78ElpbDJBHNeBzUbUVLsqKdccaa/BXF1uPTw3GrvQTBgrQrtObr2mUrE38vzYd8cEv+m/JBfDLioYcfXoaw=="
},
"ee-first": {
"version": "1.1.1",
"resolved": "https://registry.npmjs.org/ee-first/-/ee-first-1.1.1.tgz",
@@ -418,6 +529,11 @@
"resolved": "https://registry.npmjs.org/kareem/-/kareem-2.3.1.tgz",
"integrity": "sha512-l3hLhffs9zqoDe8zjmb/mAN4B8VT3L56EUvKNqLFVs9YlFA+zx7ke1DO8STAdDyYNkeSo1nKmjuvQeI12So8Xw=="
},
"lodash": {
"version": "4.17.20",
"resolved": "https://registry.npmjs.org/lodash/-/lodash-4.17.20.tgz",
"integrity": "sha512-PlhdFcillOINfeV7Ni6oF1TAEayyZBoZ8bcshTHqOYJYlrqzRK5hagpagky5o4HfCzzd1TRkXPMFq6cKk9rGmA=="
},
"media-typer": {
"version": "0.3.0",
"resolved": "https://registry.npmjs.org/media-typer/-/media-typer-0.3.0.tgz",
@@ -486,6 +602,19 @@
  "brace-expansion": "^1.1.7"
}
},
"minimist": {
"version": "1.2.5",
"resolved": "https://registry.npmjs.org/minimist/-/minimist-1.2.5.tgz",
"integrity": "sha512-FM9nNUYrRBAELZQT3xeZQ7fmMOBg6nWNmJKTcgsJeaLstP/UODVpGsr5OhXhhXg6f+qtJ8uiZ+PUxkDWcgIXLw=="
},
"mkdirp": {
"version": "0.5.5",
"resolved": "https://registry.npmjs.org/mkdirp/-/mkdirp-0.5.5.tgz",
"integrity": "sha512-NKmAlESf6jMGym1++R0Ra7wvhV+wFW63FaSOFPwRahvea0gMUcGUhVeAg/0BC0wiv9ih5NYPB1Wn1UEI1/L+xQ==",
"requires": {
  "minimist": "^1.2.5"
}
},
"mongodb": {
"version": "3.6.1",
"resolved": "https://registry.npmjs.org/mongodb/-/mongodb-3.6.1.tgz",
@@ -566,11 +695,36 @@
"resolved": "https://registry.npmjs.org/ms/-/ms-2.0.0.tgz",
"integrity": "sha1-VgiurfwAvmwpAd9fmGF4jeDVl8g="
},
"multer": {
"version": "1.4.2",
"resolved": "https://registry.npmjs.org/multer/-/multer-1.4.2.tgz",
"integrity": "sha512-xY8pX7V+ybyUpbYMxtjM9KAiD9ixtg5/JkeKUTD6xilfDv0vzzOFcCp4Ljb1UU3tSOM3VTZtKo63OmzOrGi3Cg==",
"requires": {
  "append-field": "^1.0.0",
  "busboy": "^0.2.11",
  "concat-stream": "^1.5.2",
  "mkdirp": "^0.5.1",
  "object-assign": "^4.1.1",
  "on-finished": "^2.3.0",
  "type-is": "^1.6.4",
  "xtend": "^4.0.0"
}
},
"multer-storage-cloudinary": {
"version": "4.0.0",
"resolved": "https://registry.npmjs.org/multer-storage-cloudinary/-/multer-storage-cloudinary-4.0.0.tgz",
"integrity": "sha512-25lm9R6o5dWrHLqLvygNX+kBOxprzpmZdnVKH4+r68WcfCt8XV6xfQaMuAg+kUE5Xmr8mJNA4gE0AcBj9FJyWA=="
},
"negotiator": {
"version": "0.6.2",
"resolved": "https://registry.npmjs.org/negotiator/-/negotiator-0.6.2.tgz",
"integrity": "sha512-hZXc7K2e+PgeI1eDBe/10Ard4ekbfrrqG8Ep+8Jmf4JID2bNg7NvCPOZN+kfF574pFQI7mum2AUqDidoKqcTOw=="
},
"object-assign": {
"version": "4.1.1",
"resolved": "https://registry.npmjs.org/object-assign/-/object-assign-4.1.1.tgz",
"integrity": "sha1-IQmtx5ZYh8/AXLvUQsrIv7s2CGM="
},
"on-finished": {
"version": "2.3.0",
"resolved": "https://registry.npmjs.org/on-finished/-/on-finished-2.3.0.tgz",
@@ -653,6 +807,11 @@
  "ipaddr.js": "1.9.1"
}
},
"q": {
"version": "1.5.1",
"resolved": "https://registry.npmjs.org/q/-/q-1.5.1.tgz",
"integrity": "sha1-fjL3W0E4EpHQRhHxvxQQmsAGUdc="
},
"qs": {
"version": "6.7.0",
"resolved": "https://registry.npmjs.org/qs/-/qs-6.7.0.tgz",
@@ -808,6 +967,11 @@
"resolved": "https://registry.npmjs.org/statuses/-/statuses-1.5.0.tgz",
"integrity": "sha1-Fhx9rBd2Wf2YEfQ3cfqZOBR4Yow="
},
"streamsearch": {
"version": "0.1.2",
"resolved": "https://registry.npmjs.org/streamsearch/-/streamsearch-0.1.2.tgz",
"integrity": "sha1-gIudDlb8Jz2Am6VzOOkpkZoanxo="
},
"string_decoder": {
"version": "1.1.1",
"resolved": "https://registry.npmjs.org/string_decoder/-/string_decoder-1.1.1.tgz",
@@ -838,6 +1002,11 @@
  "mime-types": "~2.1.24"
}
},
"typedarray": {
"version": "0.0.6",
"resolved": "https://registry.npmjs.org/typedarray/-/typedarray-0.0.6.tgz",
"integrity": "sha1-hnrHTjhkGHsdPUfZlqeOxciDB3c="
},
"uid-safe": {
"version": "2.1.5",
"resolved": "https://registry.npmjs.org/uid-safe/-/uid-safe-2.1.5.tgz",
@@ -865,6 +1034,11 @@
"version": "1.1.2",
"resolved": "https://registry.npmjs.org/vary/-/vary-1.1.2.tgz",
"integrity": "sha1-IpnwLG3tMNSllhsLn3RSShj2NPw="
},
"xtend": {
"version": "4.0.2",
"resolved": "https://registry.npmjs.org/xtend/-/xtend-4.0.2.tgz",
"integrity": "sha512-LKYU1iAXJXUgAXn9URjiu+MWhyUXHsvfp7mcuYm9dSUKK0/CjtrUwFAxD82/mCWbtLsGjFIad0wIsod4zrTAEQ=="
}
}
}